
Microsoft Visual Studio Solution File, Format Version 12.00
# Visual Studio Version 17
VisualStudioVersion = 17.14.37012.4 d17.14
MinimumVisualStudioVersion = 10.0.40219.1
Project("{FAE04EC0-301F-11D3-BF4B-00C04F79EFBC}") = "Vehicles", "Vehicles\Vehicles.csproj", "{97F7785E-193E-4DED-ADF8-10E746DAE72E}"
EndProject
Global
	GlobalSection(SolutionConfigurationPlatforms) = preSolution
		Debug|Any CPU = Debug|Any CPU
		Release|Any CPU = Release|Any CPU
	EndGlobalSection
	GlobalSection(ProjectConfigurationPlatforms) = postSolution
		{97F7785E-193E-4DED-ADF8-10E746DAE72E}.Debug|Any CPU.ActiveCfg = Debug|Any CPU
		{97F7785E-193E-4DED-ADF8-10E746DAE72E}.Debug|Any CPU.Build.0 = Debug|Any CPU
		{97F7785E-193E-4DED-ADF8-10E746DAE72E}.Release|Any CPU.ActiveCfg = Release|Any CPU
		{97F7785E-193E-4DED-ADF8-10E746DAE72E}.Release|Any CPU.Build.0 = Release|Any CPU
	EndGlobalSection
	GlobalSection(SolutionProperties) = preSolution
		HideSolutionNode = FALSE
	EndGlobalSection
	GlobalSection(ExtensibilityGlobals) = postSolution
		SolutionGuid = {700F2DB5-AE73-474D-8D64-50827BD43597}
	EndGlobalSection
EndGlobal
